
Microsoft Visual Studio Solution File, Format Version 12.00
# Visual Studio Version 16
VisualStudioVersion = 16.0.29609.76
MinimumVisualStudioVersion = 10.0.40219.1
Project("{FAE04EC0-301F-11D3-BF4B-00C04F79EFBC}") = "RoboDoc", "RoboDoc\RoboDoc.csproj", "{63D5A683-FDC3-4EF0-B8DE-D6F654AA1F97}"
EndProject
Project("{FAE04EC0-301F-11D3-BF4B-00C04F79EFBC}") = "RoboDocCore", "RoboDocCore\RoboDocCore.csproj", "{C73F8A18-98A8-4501-A260-6D1B5953D437}"
EndProject
Project("{FAE04EC0-301F-11D3-BF4B-00C04F79EFBC}") = "DigiSigner", "DigiSigner\DigiSigner.csproj", "{713FB10F-5270-4919-A4A2-F20B0E2B1488}"
EndProject
Project("{9A19103F-16F7-4668-BE54-9A1E7A4F7556}") = "OpenXmlPowerTools", "OpenXmlPowerTools\OpenXmlPowerTools.csproj", "{2122F2F4-D45F-4A29-85CB-BF1034ECCB0A}"
EndProject
Project("{9A19103F-16F7-4668-BE54-9A1E7A4F7556}") = "TemplateEngine.Docx", "TemplateEngine.Docx\TemplateEngine.Docx.csproj", "{2B53C969-686E-4853-988B-DA3C2E337796}"
EndProject
Project("{FAE04EC0-301F-11D3-BF4B-00C04F79EFBC}") = "RoboDocLib", "RoboDocLib\RoboDocLib.csproj", "{33039B39-0C96-4329-AE5F-9D58BB6799FD}"
EndProject
Global
	GlobalSection(SolutionConfigurationPlatforms) = preSolution
		Debug|Any CPU = Debug|Any CPU
		Release|Any CPU = Release|Any CPU
	EndGlobalSection
	GlobalSection(ProjectConfigurationPlatforms) = postSolution
		{63D5A683-FDC3-4EF0-B8DE-D6F654AA1F97}.Debug|Any CPU.ActiveCfg = Debug|Any CPU
		{63D5A683-FDC3-4EF0-B8DE-D6F654AA1F97}.Debug|Any CPU.Build.0 = Debug|Any CPU
		{63D5A683-FDC3-4EF0-B8DE-D6F654AA1F97}.Release|Any CPU.ActiveCfg = Release|Any CPU
		{63D5A683-FDC3-4EF0-B8DE-D6F654AA1F97}.Release|Any CPU.Build.0 = Release|Any CPU
		{C73F8A18-98A8-4501-A260-6D1B5953D437}.Debug|Any CPU.ActiveCfg = Debug|Any CPU
		{C73F8A18-98A8-4501-A260-6D1B5953D437}.Debug|Any CPU.Build.0 = Debug|Any CPU
		{C73F8A18-98A8-4501-A260-6D1B5953D437}.Release|Any CPU.ActiveCfg = Release|Any CPU
		{C73F8A18-98A8-4501-A260-6D1B5953D437}.Release|Any CPU.Build.0 = Release|Any CPU
		{713FB10F-5270-4919-A4A2-F20B0E2B1488}.Debug|Any CPU.ActiveCfg = Debug|Any CPU
		{713FB10F-5270-4919-A4A2-F20B0E2B1488}.Debug|Any CPU.Build.0 = Debug|Any CPU
		{713FB10F-5270-4919-A4A2-F20B0E2B1488}.Release|Any CPU.ActiveCfg = Release|Any CPU
		{713FB10F-5270-4919-A4A2-F20B0E2B1488}.Release|Any CPU.Build.0 = Release|Any CPU
		{2122F2F4-D45F-4A29-85CB-BF1034ECCB0A}.Debug|Any CPU.ActiveCfg = Debug|Any CPU
		{2122F2F4-D45F-4A29-85CB-BF1034ECCB0A}.Debug|Any CPU.Build.0 = Debug|Any CPU
		{2122F2F4-D45F-4A29-85CB-BF1034ECCB0A}.Release|Any CPU.ActiveCfg = Release|Any CPU
		{2122F2F4-D45F-4A29-85CB-BF1034ECCB0A}.Release|Any CPU.Build.0 = Release|Any CPU
		{2B53C969-686E-4853-988B-DA3C2E337796}.Debug|Any CPU.ActiveCfg = Debug|Any CPU
		{2B53C969-686E-4853-988B-DA3C2E337796}.Debug|Any CPU.Build.0 = Debug|Any CPU
		{2B53C969-686E-4853-988B-DA3C2E337796}.Release|Any CPU.ActiveCfg = Release|Any CPU
		{2B53C969-686E-4853-988B-DA3C2E337796}.Release|Any CPU.Build.0 = Release|Any CPU
		{33039B39-0C96-4329-AE5F-9D58BB6799FD}.Debug|Any CPU.ActiveCfg = Debug|Any CPU
		{33039B39-0C96-4329-AE5F-9D58BB6799FD}.Debug|Any CPU.Build.0 = Debug|Any CPU
		{33039B39-0C96-4329-AE5F-9D58BB6799FD}.Release|Any CPU.ActiveCfg = Release|Any CPU
		{33039B39-0C96-4329-AE5F-9D58BB6799FD}.Release|Any CPU.Build.0 = Release|Any CPU
	EndGlobalSection
	GlobalSection(SolutionProperties) = preSolution
		HideSolutionNode = FALSE
	EndGlobalSection
	GlobalSection(ExtensibilityGlobals) = postSolution
		SolutionGuid = {837474F2-DC25-4AE5-ADFB-ED6C36185887}
	EndGlobalSection
EndGlobal
